
Microsoft Visual Studio Solution File, Format Version 12.00
# Visual Studio Version 17
VisualStudioVersion = 17.13.35818.85 d17.13
MinimumVisualStudioVersion = 10.0.40219.1
Project("{FAE04EC0-301F-11D3-BF4B-00C04F79EFBC}") = "WpfApp1", "WpfApp1\WpfApp1.csproj", "{3E55A367-9346-4EF9-ACFD-3DB2F024F65C}"
EndProject
Global
	GlobalSection(SolutionConfigurationPlatforms) = preSolution
		Debug|Any CPU = Debug|Any CPU
		Release|Any CPU = Release|Any CPU
	EndGlobalSection
	GlobalSection(ProjectConfigurationPlatforms) = postSolution
		{3E55A367-9346-4EF9-ACFD-3DB2F024F65C}.Debug|Any CPU.ActiveCfg = Debug|Any CPU
		{3E55A367-9346-4EF9-ACFD-3DB2F024F65C}.Debug|Any CPU.Build.0 = Debug|Any CPU
		{3E55A367-9346-4EF9-ACFD-3DB2F024F65C}.Release|Any CPU.ActiveCfg = Release|Any CPU
		{3E55A367-9346-4EF9-ACFD-3DB2F024F65C}.Release|Any CPU.Build.0 = Release|Any CPU
	EndGlobalSection
	GlobalSection(SolutionProperties) = preSolution
		HideSolutionNode = FALSE
	EndGlobalSection
	GlobalSection(ExtensibilityGlobals) = postSolution
		SolutionGuid = {24035011-CAFD-4E29-B24D-84A4E9158CF1}
	EndGlobalSection
EndGlobal
